
Microsoft Visual Studio Solution File, Format Version 12.00
# Visual Studio Version 16
VisualStudioVersion = 16.0.30907.101
MinimumVisualStudioVersion = 10.0.40219.1
Project("{FAE04EC0-301F-11D3-BF4B-00C04F79EFBC}") = "Banking", "Banking\Banking.csproj", "{F88E0C84-2DB5-4895-856C-0CF728C13826}"
EndProject
Global
	GlobalSection(SolutionConfigurationPlatforms) = preSolution
		Debug|Any CPU = Debug|Any CPU
		Release|Any CPU = Release|Any CPU
	EndGlobalSection
	GlobalSection(ProjectConfigurationPlatforms) = postSolution
		{F88E0C84-2DB5-4895-856C-0CF728C13826}.Debug|Any CPU.ActiveCfg = Debug|Any CPU
		{F88E0C84-2DB5-4895-856C-0CF728C13826}.Debug|Any CPU.Build.0 = Debug|Any CPU
		{F88E0C84-2DB5-4895-856C-0CF728C13826}.Release|Any CPU.ActiveCfg = Release|Any CPU
		{F88E0C84-2DB5-4895-856C-0CF728C13826}.Release|Any CPU.Build.0 = Release|Any CPU
	EndGlobalSection
	GlobalSection(SolutionProperties) = preSolution
		HideSolutionNode = FALSE
	EndGlobalSection
	GlobalSection(ExtensibilityGlobals) = postSolution
		SolutionGuid = {41DFCBA3-A906-4E14-91C8-96B6C6124F63}
	EndGlobalSection
EndGlobal
